
Microsoft Visual Studio Solution File, Format Version 12.00
# Visual Studio 15
VisualStudioVersion = 15.0.28307.960
MinimumVisualStudioVersion = 10.0.40219.1
Project("{FAE04EC0-301F-11D3-BF4B-00C04F79EFBC}") = "Currency Converter", "Currency Converter\Currency Converter.csproj", "{4FD9D8BC-E089-40F3-8400-71F7E7302150}"
EndProject
Global
	GlobalSection(SolutionConfigurationPlatforms) = preSolution
		Debug|Any CPU = Debug|Any CPU
		Release|Any CPU = Release|Any CPU
	EndGlobalSection
	GlobalSection(ProjectConfigurationPlatforms) = postSolution
		{4FD9D8BC-E089-40F3-8400-71F7E7302150}.Debug|Any CPU.ActiveCfg = Debug|Any CPU
		{4FD9D8BC-E089-40F3-8400-71F7E7302150}.Debug|Any CPU.Build.0 = Debug|Any CPU
		{4FD9D8BC-E089-40F3-8400-71F7E7302150}.Release|Any CPU.ActiveCfg = Release|Any CPU
		{4FD9D8BC-E089-40F3-8400-71F7E7302150}.Release|Any CPU.Build.0 = Release|Any CPU
	EndGlobalSection
	GlobalSection(SolutionProperties) = preSolution
		HideSolutionNode = FALSE
	EndGlobalSection
	GlobalSection(ExtensibilityGlobals) = postSolution
		SolutionGuid = {7EF53804-778E-4946-90BD-678770F9310B}
	EndGlobalSection
EndGlobal
